
Microsoft Visual Studio Solution File, Format Version 12.00
# Visual Studio Version 16
VisualStudioVersion = 16.0.32802.440
MinimumVisualStudioVersion = 10.0.40219.1
Project("{FAE04EC0-301F-11D3-BF4B-00C04F79EFBC}") = "NandaQuestionBank", "NandaQuestionBank.csproj", "{EE03F4D1-4ADA-4911-A378-134E3070169B}"
EndProject
Global
	GlobalSection(SolutionConfigurationPlatforms) = preSolution
		Debug|Any CPU = Debug|Any CPU
		Release|Any CPU = Release|Any CPU
	EndGlobalSection
	GlobalSection(ProjectConfigurationPlatforms) = postSolution
		{EE03F4D1-4ADA-4911-A378-134E3070169B}.Debug|Any CPU.ActiveCfg = Debug|Any CPU
		{EE03F4D1-4ADA-4911-A378-134E3070169B}.Debug|Any CPU.Build.0 = Debug|Any CPU
		{EE03F4D1-4ADA-4911-A378-134E3070169B}.Release|Any CPU.ActiveCfg = Release|Any CPU
		{EE03F4D1-4ADA-4911-A378-134E3070169B}.Release|Any CPU.Build.0 = Release|Any CPU
	EndGlobalSection
	GlobalSection(SolutionProperties) = preSolution
		HideSolutionNode = FALSE
	EndGlobalSection
	GlobalSection(ExtensibilityGlobals) = postSolution
		SolutionGuid = {C623531F-0184-49AC-B36D-678721F30B3A}
	EndGlobalSection
EndGlobal
